# @generated - this file is auto-generated by `mise lock` https://mise.jdx.dev/dev-tools/mise-lock.html

lockfile_version = 2

[[tools.node]]
version = "22.22.2"
backend = "core:node"
specifiers = ["22.22.2"]

[tools.node."platforms.linux-arm64"]
checksum = "sha256:b2f3a96f31486bfc365192ad65ced14833ad2a3c2e1bcefec4846902f264fa28"
url = "https://nodejs.org/dist/v22.22.2/node-v22.22.2-linux-arm64.tar.gz"

[tools.node."platforms.linux-arm64-musl"]
checksum = "sha256:7771e3d7bab8078232c9a7702b8423d4f7d1e5227f2339f8ccb64e5040e23a31"
url = "https://unofficial-builds.nodejs.org/download/release/v22.22.2/node-v22.22.2-linux-arm64-musl.tar.gz"

[tools.node."platforms.linux-x64"]
checksum = "sha256:978978a635eef872fa68beae09f0aad0bbbae6757e444da80b570964a97e62a3"
url = "https://nodejs.org/dist/v22.22.2/node-v22.22.2-linux-x64.tar.gz"

[tools.node."platforms.linux-x64-musl"]
checksum = "sha256:2231afd019f2f490ba921a25ba575f1f67e394441407be0491bb878f2823c976"
url = "https://unofficial-builds.nodejs.org/download/release/v22.22.2/node-v22.22.2-linux-x64-musl.tar.gz"

[tools.node."platforms.macos-arm64"]
checksum = "sha256:db4b275b83736df67533529a18cc55de2549a8329ace6c7bcc68f8d22d3c9000"
url = "https://nodejs.org/dist/v22.22.2/node-v22.22.2-darwin-arm64.tar.gz"

[tools.node."platforms.macos-x64"]
checksum = "sha256:12a6abb9c2902cf48a21120da13f87fde1ed1b71a13330712949e8db818708ba"
url = "https://nodejs.org/dist/v22.22.2/node-v22.22.2-darwin-x64.tar.gz"

[tools.node."platforms.windows-x64"]
checksum = "sha256:7c93e9d92bf68c07182b471aa187e35ee6cd08ef0f24ab060dfff605fcc1c57c"
url = "https://nodejs.org/dist/v22.22.2/node-v22.22.2-win-x64.zip"

[[tools.python]]
version = "3.12.14"
backend = "core:python"
specifiers = ["3.12.14"]

[tools.python."platforms.linux-arm64"]
checksum = "sha256:577b4bec0793ad1ff0cbff9adbd0df078eddde38a4c41bf5d83ad381a85ee39d"
url = "https://github.com/astral-sh/python-build-standalone/releases/download/20260901/cpython-3.12.14+20260901-aarch64-unknown-linux-gnu-install_only_stripped.tar.gz"
provenance = "github-attestations"

[tools.python."platforms.linux-arm64-musl"]
checksum = "sha256:a0ad6f01b9204eba573a08927097b78143c564f98bea68a41ea1e172f041da3a"
url = "https://github.com/astral-sh/python-build-standalone/releases/download/20260901/cpython-3.12.14+20260901-aarch64-unknown-linux-musl-install_only_stripped.tar.gz"
provenance = "github-attestations"

[tools.python."platforms.linux-x64"]
checksum = "sha256:72748da13197c1fb161e3afeef20a6a385ff24f2165e6e2758e47008e7faba4c"
url = "https://github.com/astral-sh/python-build-standalone/releases/download/20260901/cpython-3.12.14+20260901-x86_64-unknown-linux-gnu-install_only_stripped.tar.gz"
provenance = "github-attestations"

[tools.python."platforms.linux-x64-musl"]
checksum = "sha256:1f37044c8cdbd74d5ee112a753c65ef209fedd169c98f3e4e748a93e27eb27a4"
url = "https://github.com/astral-sh/python-build-standalone/releases/download/20260901/cpython-3.12.14+20260901-x86_64-unknown-linux-musl-install_only_stripped.tar.gz"
provenance = "github-attestations"

[tools.python."platforms.macos-arm64"]
checksum = "sha256:81a359f1cfadd4da11766534c5913791cea55f26e1bb902cacd2a531bb1e4b2b"
url = "https://github.com/astral-sh/python-build-standalone/releases/download/20260901/cpython-3.12.14+20260901-aarch64-apple-darwin-install_only_stripped.tar.gz"
provenance = "github-attestations"

[tools.python."platforms.macos-x64"]
checksum = "sha256:65b195c9cedc1fef6767f044f9822069adbd1bd9204d424ece4628776fdc04bb"
url = "https://github.com/astral-sh/python-build-standalone/releases/download/20260901/cpython-3.12.14+20260901-x86_64-apple-darwin-install_only_stripped.tar.gz"
provenance = "github-attestations"

[tools.python."platforms.windows-x64"]
checksum = "sha256:7c45c9622400d578709a9b2cddbe8124cc21d382409d9f13406d706d28e31b14"
url = "https://github.com/astral-sh/python-build-standalone/releases/download/20260901/cpython-3.12.14+20260901-x86_64-pc-windows-msvc-install_only_stripped.tar.gz"
provenance = "github-attestations"

[[tools.uv]]
version = "0.11.29"
backend = "aqua:astral-sh/uv"
specifiers = ["0.11.29"]

[tools.uv."platforms.linux-arm64"]
checksum = "sha256:94500fb064ae3c971a873cba64d94694c50677e0a4dbf78735c80509e7429919"
url = "https://github.com/astral-sh/uv/releases/download/0.11.29/uv-aarch64-unknown-linux-gnu.tar.gz"
url_api = "https://api.github.com/repos/astral-sh/uv/releases/assets/478261255"
provenance = "github-attestations"

[tools.uv."platforms.linux-arm64-musl"]
checksum = "sha256:593d79a797ece3f1dfaaf3e0a973263422a135d9262c7dbc6cd75d9c11acc0b4"
url = "https://github.com/astral-sh/uv/releases/download/0.11.29/uv-aarch64-unknown-linux-musl.tar.gz"
url_api = "https://api.github.com/repos/astral-sh/uv/releases/assets/478261262"
provenance = "github-attestations"

[tools.uv."platforms.linux-x64"]
checksum = "sha256:04f8b82f5d47f0512dcd32c67a4a6f16a0ea27c81537c338fd0ad6b23cebe829"
url = "https://github.com/astral-sh/uv/releases/download/0.11.29/uv-x86_64-unknown-linux-gnu.tar.gz"
url_api = "https://api.github.com/repos/astral-sh/uv/releases/assets/478261348"
provenance = "github-attestations"

[tools.uv."platforms.linux-x64-musl"]
checksum = "sha256:46711858adb2a3acaa9cee00f9060688ad1fd5706aecc005b96a6a7f285a00b7"
url = "https://github.com/astral-sh/uv/releases/download/0.11.29/uv-x86_64-unknown-linux-musl.tar.gz"
url_api = "https://api.github.com/repos/astral-sh/uv/releases/assets/478261352"
provenance = "github-attestations"

[tools.uv."platforms.macos-arm64"]
checksum = "sha256:61c04acc52a33ef0f331e494bdfbedcdb6c26c6970c022ed3699e5860f8930e3"
url = "https://github.com/astral-sh/uv/releases/download/0.11.29/uv-aarch64-apple-darwin.tar.gz"
url_api = "https://api.github.com/repos/astral-sh/uv/releases/assets/478261245"
provenance = "github-attestations"

[tools.uv."platforms.macos-x64"]
checksum = "sha256:c4c4de482da9ccdd076dc4fb5cfe7b740609029385c72f58606be3153602387d"
url = "https://github.com/astral-sh/uv/releases/download/0.11.29/uv-x86_64-apple-darwin.tar.gz"
url_api = "https://api.github.com/repos/astral-sh/uv/releases/assets/478261331"
provenance = "github-attestations"

[tools.uv."platforms.windows-x64"]
checksum = "sha256:a047d55651bc3e0ca24595b25ec4cfcb10f9dca9fb56514e661269b37d4fae68"
url = "https://github.com/astral-sh/uv/releases/download/0.11.29/uv-x86_64-pc-windows-msvc.zip"
url_api = "https://api.github.com/repos/astral-sh/uv/releases/assets/478261333"
provenance = "github-attestations"
