slug: philip-e-tetlock
name: Philip E Tetlock
type: person
summary: Psychologist of forecasting, expert judgment, and superforecasting under
  uncertainty.
concepts: []
patterns: []
relatedBooks:
- the-economy-we-dont-experience
- trust-beyond-similarity
- when-authority-outlives-accountability
works:
- tetlock-philip-e-expert-political-judgment-how-good-is-it-how-can-we-know
- tetlock-philip-e-superforecasting-the-art-and-science-of-prediction
whyThisMatters: Tetlock disciplines claims about prediction—when confidence outruns
  evidence.
