slug: philip-e-tetlock
name: Philip E Tetlock
type: person
summary: Researchers on integrative complexity and how leaders structure thinking
  under conflict and uncertainty.
concepts: []
patterns: []
relatedBooks:
- the-economy-we-dont-experience
- trust-beyond-similarity
- when-authority-outlives-accountability
works:
- suedfeld-peter-philip-e-tetlock-and-sally-streufert-conceptual-integrative-complexity
- tetlock-philip-e-and-dan-gardner-superforecasting-the-art-and-science-of-prediction
- tetlock-philip-e-expert-political-judgment-how-good-is-it-how-can-we-know
whyThisMatters: This line of work measures whether judgment stays open—or collapses
  into binary closure under pressure.
